
Microsoft Visual Studio Solution File, Format Version 12.00
# Visual Studio Version 17
VisualStudioVersion = 17.10.35122.118
MinimumVisualStudioVersion = 10.0.40219.1
Project("{FAE04EC0-301F-11D3-BF4B-00C04F79EFBC}") = "QLNS", "QLNS\QLNS.csproj", "{B411554A-B5B3-4940-9472-DCFE9E9F5B22}"
EndProject
Global
	GlobalSection(SolutionConfigurationPlatforms) = preSolution
		Debug|Any CPU = Debug|Any CPU
		Release|Any CPU = Release|Any CPU
	EndGlobalSection
	GlobalSection(ProjectConfigurationPlatforms) = postSolution
		{B411554A-B5B3-4940-9472-DCFE9E9F5B22}.Debug|Any CPU.ActiveCfg = Debug|Any CPU
		{B411554A-B5B3-4940-9472-DCFE9E9F5B22}.Debug|Any CPU.Build.0 = Debug|Any CPU
		{B411554A-B5B3-4940-9472-DCFE9E9F5B22}.Release|Any CPU.ActiveCfg = Release|Any CPU
		{B411554A-B5B3-4940-9472-DCFE9E9F5B22}.Release|Any CPU.Build.0 = Release|Any CPU
	EndGlobalSection
	GlobalSection(SolutionProperties) = preSolution
		HideSolutionNode = FALSE
	EndGlobalSection
	GlobalSection(ExtensibilityGlobals) = postSolution
		SolutionGuid = {B3B7152B-DE10-4849-B105-15764A96EF60}
	EndGlobalSection
EndGlobal
